
Microsoft Visual Studio Solution File, Format Version 12.00
# Visual Studio 2013
VisualStudioVersion = 12.0.31101.0
MinimumVisualStudioVersion = 10.0.40219.1
Project("{FAE04EC0-301F-11D3-BF4B-00C04F79EFBC}") = "Frebrilator", "Frebrilator\Frebrilator.csproj", "{31FC0F87-A33B-481C-9425-32359BCA11ED}"
EndProject
Project("{FAE04EC0-301F-11D3-BF4B-00C04F79EFBC}") = "Frebrilator.Tests", "Frebrilator.Tests\Frebrilator.Tests.csproj", "{1CF53ACE-B3BB-449B-A863-4540F2F1DFE0}"
EndProject
Project("{2150E333-8FDC-42A3-9474-1A3956D46DE8}") = ".nuget", ".nuget", "{6F3DDBDE-2A1C-4BA2-8529-C50565C62750}"
	ProjectSection(SolutionItems) = preProject
		.nuget\packages.config = .nuget\packages.config
	EndProjectSection
EndProject
Global
	GlobalSection(SolutionConfigurationPlatforms) = preSolution
		Debug|Any CPU = Debug|Any CPU
		Release|Any CPU = Release|Any CPU
	EndGlobalSection
	GlobalSection(ProjectConfigurationPlatforms) = postSolution
		{31FC0F87-A33B-481C-9425-32359BCA11ED}.Debug|Any CPU.ActiveCfg = Debug|Any CPU
		{31FC0F87-A33B-481C-9425-32359BCA11ED}.Debug|Any CPU.Build.0 = Debug|Any CPU
		{31FC0F87-A33B-481C-9425-32359BCA11ED}.Release|Any CPU.ActiveCfg = Release|Any CPU
		{31FC0F87-A33B-481C-9425-32359BCA11ED}.Release|Any CPU.Build.0 = Release|Any CPU
		{1CF53ACE-B3BB-449B-A863-4540F2F1DFE0}.Debug|Any CPU.ActiveCfg = Debug|Any CPU
		{1CF53ACE-B3BB-449B-A863-4540F2F1DFE0}.Debug|Any CPU.Build.0 = Debug|Any CPU
		{1CF53ACE-B3BB-449B-A863-4540F2F1DFE0}.Release|Any CPU.ActiveCfg = Release|Any CPU
		{1CF53ACE-B3BB-449B-A863-4540F2F1DFE0}.Release|Any CPU.Build.0 = Release|Any CPU
	EndGlobalSection
	GlobalSection(SolutionProperties) = preSolution
		HideSolutionNode = FALSE
	EndGlobalSection
EndGlobal
